// !$*UTF8*$!
{
	archiveVersion = 1;
	classes = {
	};
	objectVersion = 46;
	objects = {

/* Begin PBXBuildFile section */
		511CE00915B5EB4700C1EF3F /* Preference.m in Sources */ = {isa = PBXBuildFile; fileRef = 511CE00815B5EB4700C1EF3F /* Preference.m */; };
		5138676E15B2B27600A24A87 /* Cocoa.framework in Frameworks */ = {isa = PBXBuildFile; fileRef = 5138676D15B2B27600A24A87 /* Cocoa.framework */; };
		5138677815B2B27600A24A87 /* InfoPlist.strings in Resources */ = {isa = PBXBuildFile; fileRef = 5138677615B2B27600A24A87 /* InfoPlist.strings */; };
		5138677A15B2B27600A24A87 /* main.m in Sources */ = {isa = PBXBuildFile; fileRef = 5138677915B2B27600A24A87 /* main.m */; };
		5138677E15B2B27600A24A87 /* Credits.rtf in Resources */ = {isa = PBXBuildFile; fileRef = 5138677C15B2B27600A24A87 /* Credits.rtf */; };
		5138678115B2B27600A24A87 /* AppDelegate.m in Sources */ = {isa = PBXBuildFile; fileRef = 5138678015B2B27600A24A87 /* AppDelegate.m */; };
		5138678415B2B27700A24A87 /* MainMenu.xib in Resources */ = {isa = PBXBuildFile; fileRef = 5138678215B2B27700A24A87 /* MainMenu.xib */; };
		5138678C15B2B27700A24A87 /* SenTestingKit.framework in Frameworks */ = {isa = PBXBuildFile; fileRef = 5138678B15B2B27700A24A87 /* SenTestingKit.framework */; };
		5138678D15B2B27700A24A87 /* Cocoa.framework in Frameworks */ = {isa = PBXBuildFile; fileRef = 5138676D15B2B27600A24A87 /* Cocoa.framework */; };
		5138679515B2B27700A24A87 /* InfoPlist.strings in Resources */ = {isa = PBXBuildFile; fileRef = 5138679315B2B27700A24A87 /* InfoPlist.strings */; };
		5138679815B2B27700A24A87 /* SaveLayoutTests.m in Sources */ = {isa = PBXBuildFile; fileRef = 5138679715B2B27700A24A87 /* SaveLayoutTests.m */; };
		513867A615B2CFD900A24A87 /* Carbon.framework in Frameworks */ = {isa = PBXBuildFile; fileRef = 513867A515B2CFD900A24A87 /* Carbon.framework */; };
		513867A915B32DFA00A24A87 /* SLData.m in Sources */ = {isa = PBXBuildFile; fileRef = 513867A815B32DFA00A24A87 /* SLData.m */; };
/* End PBXBuildFile section */

/* Begin PBXContainerItemProxy section */
		5138678E15B2B27700A24A87 /* PBXContainerItemProxy */ = {
			isa = PBXContainerItemProxy;
			containerPortal = 5138676015B2B27600A24A87 /* Project object */;
			proxyType = 1;
			remoteGlobalIDString = 5138676815B2B27600A24A87;
			remoteInfo = SaveLayout;
		};
/* End PBXContainerItemProxy section */

/* Begin PBXFileReference section */
		511CE00715B5EB4700C1EF3F /* Preference.h */ = {isa = PBXFileReference; fileEncoding = 4; lastKnownFileType = sourcecode.c.h; path = Preference.h; sourceTree = "<group>"; };
		511CE00815B5EB4700C1EF3F /* Preference.m */ = {isa = PBXFileReference; fileEncoding = 4; lastKnownFileType = sourcecode.c.objc; path = Preference.m; sourceTree = "<group>"; };
		5138676915B2B27600A24A87 /* SaveLayout.app */ = {isa = PBXFileReference; explicitFileType = wrapper.application; includeInIndex = 0; path = SaveLayout.app; sourceTree = BUILT_PRODUCTS_DIR; };
		5138676D15B2B27600A24A87 /* Cocoa.framework */ = {isa = PBXFileReference; lastKnownFileType = wrapper.framework; name = Cocoa.framework; path = System/Library/Frameworks/Cocoa.framework; sourceTree = SDKROOT; };
		5138677015B2B27600A24A87 /* AppKit.framework */ = {isa = PBXFileReference; lastKnownFileType = wrapper.framework; name = AppKit.framework; path = System/Library/Frameworks/AppKit.framework; sourceTree = SDKROOT; };
		5138677115B2B27600A24A87 /* CoreData.framework */ = {isa = PBXFileReference; lastKnownFileType = wrapper.framework; name = CoreData.framework; path = System/Library/Frameworks/CoreData.framework; sourceTree = SDKROOT; };
		5138677215B2B27600A24A87 /* Foundation.framework */ = {isa = PBXFileReference; lastKnownFileType = wrapper.framework; name = Foundation.framework; path = System/Library/Frameworks/Foundation.framework; sourceTree = SDKROOT; };
		5138677515B2B27600A24A87 /* SaveLayout-Info.plist */ = {isa = PBXFileReference; lastKnownFileType = text.plist.xml; path = "SaveLayout-Info.plist"; sourceTree = "<group>"; };
		5138677715B2B27600A24A87 /* en */ = {isa = PBXFileReference; lastKnownFileType = text.plist.strings; name = en; path = en.lproj/InfoPlist.strings; sourceTree = "<group>"; };
		5138677915B2B27600A24A87 /* main.m */ = {isa = PBXFileReference; lastKnownFileType = sourcecode.c.objc; path = main.m; sourceTree = "<group>"; };
		5138677B15B2B27600A24A87 /* SaveLayout-Prefix.pch */ = {isa = PBXFileReference; lastKnownFileType = sourcecode.c.h; path = "SaveLayout-Prefix.pch"; sourceTree = "<group>"; };
		5138677D15B2B27600A24A87 /* en */ = {isa = PBXFileReference; lastKnownFileType = text.rtf; name = en; path = en.lproj/Credits.rtf; sourceTree = "<group>"; };
		5138677F15B2B27600A24A87 /* AppDelegate.h */ = {isa = PBXFileReference; lastKnownFileType = sourcecode.c.h; path = AppDelegate.h; sourceTree = "<group>"; };
		5138678015B2B27600A24A87 /* AppDelegate.m */ = {isa = PBXFileReference; lastKnownFileType = sourcecode.c.objc; path = AppDelegate.m; sourceTree = "<group>"; };
		5138678315B2B27700A24A87 /* en */ = {isa = PBXFileReference; lastKnownFileType = file.xib; name = en; path = en.lproj/MainMenu.xib; sourceTree = "<group>"; };
		5138678A15B2B27700A24A87 /* SaveLayoutTests.octest */ = {isa = PBXFileReference; explicitFileType = wrapper.cfbundle; includeInIndex = 0; path = SaveLayoutTests.octest; sourceTree = BUILT_PRODUCTS_DIR; };
		5138678B15B2B27700A24A87 /* SenTestingKit.framework */ = {isa = PBXFileReference; lastKnownFileType = wrapper.framework; name = SenTestingKit.framework; path = Library/Frameworks/SenTestingKit.framework; sourceTree = DEVELOPER_DIR; };
		5138679215B2B27700A24A87 /* SaveLayoutTests-Info.plist */ = {isa = PBXFileReference; lastKnownFileType = text.plist.xml; path = "SaveLayoutTests-Info.plist"; sourceTree = "<group>"; };
		5138679415B2B27700A24A87 /* en */ = {isa = PBXFileReference; lastKnownFileType = text.plist.strings; name = en; path = en.lproj/InfoPlist.strings; sourceTree = "<group>"; };
		5138679615B2B27700A24A87 /* SaveLayoutTests.h */ = {isa = PBXFileReference; lastKnownFileType = sourcecode.c.h; path = SaveLayoutTests.h; sourceTree = "<group>"; };
		5138679715B2B27700A24A87 /* SaveLayoutTests.m */ = {isa = PBXFileReference; lastKnownFileType = sourcecode.c.objc; path = SaveLayoutTests.m; sourceTree = "<group>"; };
		513867A515B2CFD900A24A87 /* Carbon.framework */ = {isa = PBXFileReference; lastKnownFileType = wrapper.framework; name = Carbon.framework; path = System/Library/Frameworks/Carbon.framework; sourceTree = SDKROOT; };
		513867A715B32DFA00A24A87 /* SLData.h */ = {isa = PBXFileReference; fileEncoding = 4; lastKnownFileType = sourcecode.c.h; path = SLData.h; sourceTree = "<group>"; };
		513867A815B32DFA00A24A87 /* SLData.m */ = {isa = PBXFileReference; fileEncoding = 4; lastKnownFileType = sourcecode.c.objc; path = SLData.m; sourceTree = "<group>"; };
/* End PBXFileReference section */

/* Begin PBXFrameworksBuildPhase section */
		5138676615B2B27600A24A87 /* Frameworks */ = {
			isa = PBXFrameworksBuildPhase;
			buildActionMask = 2147483647;
			files = (
				513867A615B2CFD900A24A87 /* Carbon.framework in Frameworks */,
				5138676E15B2B27600A24A87 /* Cocoa.framework in Frameworks */,
			);
			runOnlyForDeploymentPostprocessing = 0;
		};
		5138678615B2B27700A24A87 /* Frameworks */ = {
			isa = PBXFrameworksBuildPhase;
			buildActionMask = 2147483647;
			files = (
				5138678C15B2B27700A24A87 /* SenTestingKit.framework in Frameworks */,
				5138678D15B2B27700A24A87 /* Cocoa.framework in Frameworks */,
			);
			runOnlyForDeploymentPostprocessing = 0;
		};
/* End PBXFrameworksBuildPhase section */

/* Begin PBXGroup section */
		5138675E15B2B27600A24A87 = {
			isa = PBXGroup;
			children = (
				5138677315B2B27600A24A87 /* SaveLayout */,
				5138679015B2B27700A24A87 /* SaveLayoutTests */,
				5138676C15B2B27600A24A87 /* Frameworks */,
				5138676A15B2B27600A24A87 /* Products */,
			);
			sourceTree = "<group>";
		};
		5138676A15B2B27600A24A87 /* Products */ = {
			isa = PBXGroup;
			children = (
				5138676915B2B27600A24A87 /* SaveLayout.app */,
				5138678A15B2B27700A24A87 /* SaveLayoutTests.octest */,
			);
			name = Products;
			sourceTree = "<group>";
		};
		5138676C15B2B27600A24A87 /* Frameworks */ = {
			isa = PBXGroup;
			children = (
				513867A515B2CFD900A24A87 /* Carbon.framework */,
				5138676D15B2B27600A24A87 /* Cocoa.framework */,
				5138678B15B2B27700A24A87 /* SenTestingKit.framework */,
				5138676F15B2B27600A24A87 /* Other Frameworks */,
			);
			name = Frameworks;
			sourceTree = "<group>";
		};
		5138676F15B2B27600A24A87 /* Other Frameworks */ = {
			isa = PBXGroup;
			children = (
				5138677015B2B27600A24A87 /* AppKit.framework */,
				5138677115B2B27600A24A87 /* CoreData.framework */,
				5138677215B2B27600A24A87 /* Foundation.framework */,
			);
			name = "Other Frameworks";
			sourceTree = "<group>";
		};
		5138677315B2B27600A24A87 /* SaveLayout */ = {
			isa = PBXGroup;
			children = (
				5138677F15B2B27600A24A87 /* AppDelegate.h */,
				5138678015B2B27600A24A87 /* AppDelegate.m */,
				5138678215B2B27700A24A87 /* MainMenu.xib */,
				5138677415B2B27600A24A87 /* Supporting Files */,
				513867A715B32DFA00A24A87 /* SLData.h */,
				513867A815B32DFA00A24A87 /* SLData.m */,
				511CE00715B5EB4700C1EF3F /* Preference.h */,
				511CE00815B5EB4700C1EF3F /* Preference.m */,
			);
			path = SaveLayout;
			sourceTree = "<group>";
		};
		5138677415B2B27600A24A87 /* Supporting Files */ = {
			isa = PBXGroup;
			children = (
				5138677515B2B27600A24A87 /* SaveLayout-Info.plist */,
				5138677615B2B27600A24A87 /* InfoPlist.strings */,
				5138677915B2B27600A24A87 /* main.m */,
				5138677B15B2B27600A24A87 /* SaveLayout-Prefix.pch */,
				5138677C15B2B27600A24A87 /* Credits.rtf */,
			);
			name = "Supporting Files";
			sourceTree = "<group>";
		};
		5138679015B2B27700A24A87 /* SaveLayoutTests */ = {
			isa = PBXGroup;
			children = (
				5138679615B2B27700A24A87 /* SaveLayoutTests.h */,
				5138679715B2B27700A24A87 /* SaveLayoutTests.m */,
				5138679115B2B27700A24A87 /* Supporting Files */,
			);
			path = SaveLayoutTests;
			sourceTree = "<group>";
		};
		5138679115B2B27700A24A87 /* Supporting Files */ = {
			isa = PBXGroup;
			children = (
				5138679215B2B27700A24A87 /* SaveLayoutTests-Info.plist */,
				5138679315B2B27700A24A87 /* InfoPlist.strings */,
			);
			name = "Supporting Files";
			sourceTree = "<group>";
		};
/* End PBXGroup section */

/* Begin PBXNativeTarget section */
		5138676815B2B27600A24A87 /* SaveLayout */ = {
			isa = PBXNativeTarget;
			buildConfigurationList = 5138679B15B2B27700A24A87 /* Build configuration list for PBXNativeTarget "SaveLayout" */;
			buildPhases = (
				5138676515B2B27600A24A87 /* Sources */,
				5138676615B2B27600A24A87 /* Frameworks */,
				5138676715B2B27600A24A87 /* Resources */,
			);
			buildRules = (
			);
			dependencies = (
			);
			name = SaveLayout;
			productName = SaveLayout;
			productReference = 5138676915B2B27600A24A87 /* SaveLayout.app */;
			productType = "com.apple.product-type.application";
		};
		5138678915B2B27700A24A87 /* SaveLayoutTests */ = {
			isa = PBXNativeTarget;
			buildConfigurationList = 5138679E15B2B27700A24A87 /* Build configuration list for PBXNativeTarget "SaveLayoutTests" */;
			buildPhases = (
				5138678515B2B27700A24A87 /* Sources */,
				5138678615B2B27700A24A87 /* Frameworks */,
				5138678715B2B27700A24A87 /* Resources */,
				5138678815B2B27700A24A87 /* ShellScript */,
			);
			buildRules = (
			);
			dependencies = (
				5138678F15B2B27700A24A87 /* PBXTargetDependency */,
			);
			name = SaveLayoutTests;
			productName = SaveLayoutTests;
			productReference = 5138678A15B2B27700A24A87 /* SaveLayoutTests.octest */;
			productType = "com.apple.product-type.bundle";
		};
/* End PBXNativeTarget section */

/* Begin PBXProject section */
		5138676015B2B27600A24A87 /* Project object */ = {
			isa = PBXProject;
			attributes = {
				LastUpgradeCheck = 0430;
				ORGANIZATIONNAME = "nikitazu@gmail.com";
			};
			buildConfigurationList = 5138676315B2B27600A24A87 /* Build configuration list for PBXProject "SaveLayout" */;
			compatibilityVersion = "Xcode 3.2";
			developmentRegion = English;
			hasScannedForEncodings = 0;
			knownRegions = (
				en,
			);
			mainGroup = 5138675E15B2B27600A24A87;
			productRefGroup = 5138676A15B2B27600A24A87 /* Products */;
			projectDirPath = "";
			projectRoot = "";
			targets = (
				5138676815B2B27600A24A87 /* SaveLayout */,
				5138678915B2B27700A24A87 /* SaveLayoutTests */,
			);
		};
/* End PBXProject section */

/* Begin PBXResourcesBuildPhase section */
		5138676715B2B27600A24A87 /* Resources */ = {
			isa = PBXResourcesBuildPhase;
			buildActionMask = 2147483647;
			files = (
				5138677815B2B27600A24A87 /* InfoPlist.strings in Resources */,
				5138677E15B2B27600A24A87 /* Credits.rtf in Resources */,
				5138678415B2B27700A24A87 /* MainMenu.xib in Resources */,
			);
			runOnlyForDeploymentPostprocessing = 0;
		};
		5138678715B2B27700A24A87 /* Resources */ = {
			isa = PBXResourcesBuildPhase;
			buildActionMask = 2147483647;
			files = (
				5138679515B2B27700A24A87 /* InfoPlist.strings in Resources */,
			);
			runOnlyForDeploymentPostprocessing = 0;
		};
/* End PBXResourcesBuildPhase section */

/* Begin PBXShellScriptBuildPhase section */
		5138678815B2B27700A24A87 /* ShellScript */ = {
			isa = PBXShellScriptBuildPhase;
			buildActionMask = 2147483647;
			files = (
			);
			inputPaths = (
			);
			outputPaths = (
			);
			runOnlyForDeploymentPostprocessing = 0;
			shellPath = /bin/sh;
			shellScript = "# Run the unit tests in this test bundle.\n\"${SYSTEM_DEVELOPER_DIR}/Tools/RunUnitTests\"\n";
		};
/* End PBXShellScriptBuildPhase section */

/* Begin PBXSourcesBuildPhase section */
		5138676515B2B27600A24A87 /* Sources */ = {
			isa = PBXSourcesBuildPhase;
			buildActionMask = 2147483647;
			files = (
				5138677A15B2B27600A24A87 /* main.m in Sources */,
				5138678115B2B27600A24A87 /* AppDelegate.m in Sources */,
				513867A915B32DFA00A24A87 /* SLData.m in Sources */,
				511CE00915B5EB4700C1EF3F /* Preference.m in Sources */,
			);
			runOnlyForDeploymentPostprocessing = 0;
		};
		5138678515B2B27700A24A87 /* Sources */ = {
			isa = PBXSourcesBuildPhase;
			buildActionMask = 2147483647;
			files = (
				5138679815B2B27700A24A87 /* SaveLayoutTests.m in Sources */,
			);
			runOnlyForDeploymentPostprocessing = 0;
		};
/* End PBXSourcesBuildPhase section */

/* Begin PBXTargetDependency section */
		5138678F15B2B27700A24A87 /* PBXTargetDependency */ = {
			isa = PBXTargetDependency;
			target = 5138676815B2B27600A24A87 /* SaveLayout */;
			targetProxy = 5138678E15B2B27700A24A87 /* PBXContainerItemProxy */;
		};
/* End PBXTargetDependency section */

/* Begin PBXVariantGroup section */
		5138677615B2B27600A24A87 /* InfoPlist.strings */ = {
			isa = PBXVariantGroup;
			children = (
				5138677715B2B27600A24A87 /* en */,
			);
			name = InfoPlist.strings;
			sourceTree = "<group>";
		};
		5138677C15B2B27600A24A87 /* Credits.rtf */ = {
			isa = PBXVariantGroup;
			children = (
				5138677D15B2B27600A24A87 /* en */,
			);
			name = Credits.rtf;
			sourceTree = "<group>";
		};
		5138678215B2B27700A24A87 /* MainMenu.xib */ = {
			isa = PBXVariantGroup;
			children = (
				5138678315B2B27700A24A87 /* en */,
			);
			name = MainMenu.xib;
			sourceTree = "<group>";
		};
		5138679315B2B27700A24A87 /* InfoPlist.strings */ = {
			isa = PBXVariantGroup;
			children = (
				5138679415B2B27700A24A87 /* en */,
			);
			name = InfoPlist.strings;
			sourceTree = "<group>";
		};
/* End PBXVariantGroup section */

/* Begin XCBuildConfiguration section */
		5138679915B2B27700A24A87 /* Debug */ = {
			isa = XCBuildConfiguration;
			buildSettings = {
				ALWAYS_SEARCH_USER_PATHS = NO;
				ARCHS = "$(ARCHS_STANDARD_64_BIT)";
				CLANG_ENABLE_OBJC_ARC = YES;
				COPY_PHASE_STRIP = NO;
				GCC_C_LANGUAGE_STANDARD = gnu99;
				GCC_DYNAMIC_NO_PIC = NO;
				GCC_ENABLE_OBJC_EXCEPTIONS = YES;
				GCC_OPTIMIZATION_LEVEL = 0;
				GCC_PREPROCESSOR_DEFINITIONS = (
					"DEBUG=1",
					"$(inherited)",
				);
				GCC_SYMBOLS_PRIVATE_EXTERN = NO;
				GCC_VERSION = com.apple.compilers.llvm.clang.1_0;
				GCC_WARN_64_TO_32_BIT_CONVERSION = YES;
				GCC_WARN_ABOUT_RETURN_TYPE = YES;
				GCC_WARN_UNINITIALIZED_AUTOS = YES;
				GCC_WARN_UNUSED_VARIABLE = YES;
				MACOSX_DEPLOYMENT_TARGET = 10.7;
				ONLY_ACTIVE_ARCH = YES;
				SDKROOT = macosx;
			};
			name = Debug;
		};
		5138679A15B2B27700A24A87 /* Release */ = {
			isa = XCBuildConfiguration;
			buildSettings = {
				ALWAYS_SEARCH_USER_PATHS = NO;
				ARCHS = "$(ARCHS_STANDARD_64_BIT)";
				CLANG_ENABLE_OBJC_ARC = YES;
				COPY_PHASE_STRIP = YES;
				DEBUG_INFORMATION_FORMAT = "dwarf-with-dsym";
				GCC_C_LANGUAGE_STANDARD = gnu99;
				GCC_ENABLE_OBJC_EXCEPTIONS = YES;
				GCC_VERSION = com.apple.compilers.llvm.clang.1_0;
				GCC_WARN_64_TO_32_BIT_CONVERSION = YES;
				GCC_WARN_ABOUT_RETURN_TYPE = YES;
				GCC_WARN_UNINITIALIZED_AUTOS = YES;
				GCC_WARN_UNUSED_VARIABLE = YES;
				MACOSX_DEPLOYMENT_TARGET = 10.7;
				SDKROOT = macosx;
			};
			name = Release;
		};
		5138679C15B2B27700A24A87 /* Debug */ = {
			isa = XCBuildConfiguration;
			buildSettings = {
				GCC_PRECOMPILE_PREFIX_HEADER = YES;
				GCC_PREFIX_HEADER = "SaveLayout/SaveLayout-Prefix.pch";
				INFOPLIST_FILE = "SaveLayout/SaveLayout-Info.plist";
				PRODUCT_NAME = "$(TARGET_NAME)";
				WRAPPER_EXTENSION = app;
			};
			name = Debug;
		};
		5138679D15B2B27700A24A87 /* Release */ = {
			isa = XCBuildConfiguration;
			buildSettings = {
				GCC_PRECOMPILE_PREFIX_HEADER = YES;
				GCC_PREFIX_HEADER = "SaveLayout/SaveLayout-Prefix.pch";
				INFOPLIST_FILE = "SaveLayout/SaveLayout-Info.plist";
				PRODUCT_NAME = "$(TARGET_NAME)";
				WRAPPER_EXTENSION = app;
			};
			name = Release;
		};
		5138679F15B2B27700A24A87 /* Debug */ = {
			isa = XCBuildConfiguration;
			buildSettings = {
				BUNDLE_LOADER = "$(BUILT_PRODUCTS_DIR)/SaveLayout.app/Contents/MacOS/SaveLayout";
				FRAMEWORK_SEARCH_PATHS = "$(DEVELOPER_LIBRARY_DIR)/Frameworks";
				GCC_PRECOMPILE_PREFIX_HEADER = YES;
				GCC_PREFIX_HEADER = "SaveLayout/SaveLayout-Prefix.pch";
				INFOPLIST_FILE = "SaveLayoutTests/SaveLayoutTests-Info.plist";
				PRODUCT_NAME = "$(TARGET_NAME)";
				TEST_HOST = "$(BUNDLE_LOADER)";
				WRAPPER_EXTENSION = octest;
			};
			name = Debug;
		};
		513867A015B2B27700A24A87 /* Release */ = {
			isa = XCBuildConfiguration;
			buildSettings = {
				BUNDLE_LOADER = "$(BUILT_PRODUCTS_DIR)/SaveLayout.app/Contents/MacOS/SaveLayout";
				FRAMEWORK_SEARCH_PATHS = "$(DEVELOPER_LIBRARY_DIR)/Frameworks";
				GCC_PRECOMPILE_PREFIX_HEADER = YES;
				GCC_PREFIX_HEADER = "SaveLayout/SaveLayout-Prefix.pch";
				INFOPLIST_FILE = "SaveLayoutTests/SaveLayoutTests-Info.plist";
				PRODUCT_NAME = "$(TARGET_NAME)";
				TEST_HOST = "$(BUNDLE_LOADER)";
				WRAPPER_EXTENSION = octest;
			};
			name = Release;
		};
/* End XCBuildConfiguration section */

/* Begin XCConfigurationList section */
		5138676315B2B27600A24A87 /* Build configuration list for PBXProject "SaveLayout" */ = {
			isa = XCConfigurationList;
			buildConfigurations = (
				5138679915B2B27700A24A87 /* Debug */,
				5138679A15B2B27700A24A87 /* Release */,
			);
			defaultConfigurationIsVisible = 0;
			defaultConfigurationName = Release;
		};
		5138679B15B2B27700A24A87 /* Build configuration list for PBXNativeTarget "SaveLayout" */ = {
			isa = XCConfigurationList;
			buildConfigurations = (
				5138679C15B2B27700A24A87 /* Debug */,
				5138679D15B2B27700A24A87 /* Release */,
			);
			defaultConfigurationIsVisible = 0;
			defaultConfigurationName = Release;
		};
		5138679E15B2B27700A24A87 /* Build configuration list for PBXNativeTarget "SaveLayoutTests" */ = {
			isa = XCConfigurationList;
			buildConfigurations = (
				5138679F15B2B27700A24A87 /* Debug */,
				513867A015B2B27700A24A87 /* Release */,
			);
			defaultConfigurationIsVisible = 0;
			defaultConfigurationName = Release;
		};
/* End XCConfigurationList section */
	};
	rootObject = 5138676015B2B27600A24A87 /* Project object */;
}
